{
    "_readme": [
        "This file locks the dependencies of your project to a known state",
        "Read more about it at https://getcomposer.org/doc/01-basic-usage.md#installing-dependencies",
        "This file is @generated automatically"
    ],
    "content-hash": "7f4a79e2a4ca0d6f47328044d31a045f",
    "packages": [
        {
            "name": "ippanel/php-rest-sdk",
            "version": "dev-master",
            "source": {
                "type": "git",
                "url": "https://github.com/ippanel/php-rest-sdk.git",
                "reference": "040c1e0564a9fd62977c4f5d596aa0629ee2fcb2"
            },
            "dist": {
                "type": "zip",
                "url": "https://api.github.com/repos/ippanel/php-rest-sdk/zipball/040c1e0564a9fd62977c4f5d596aa0629ee2fcb2",
                "reference": "040c1e0564a9fd62977c4f5d596aa0629ee2fcb2",
                "shasum": ""
            },
            "require": {
                "ext-curl": "*",
                "php": ">=7.0"
            },
            "require-dev": {
                "phpunit/phpunit": "^5"
            },
            "default-branch": true,
            "type": "library",
            "autoload": {
                "psr-4": {
                    "IPPanel\\": "src/IPPanel/"
                }
            },
            "notification-url": "https://packagist.org/downloads/",
            "license": [
                "BSD-2-Clause"
            ],
            "authors": [
                {
                    "name": "ippanel",
                    "email": "dev@ippanel.com"
                }
            ],
            "description": "IPPanel REST API client",
            "homepage": "https://github.com/ippanel/php-rest-sdk",
            "support": {
                "issues": "https://github.com/ippanel/php-rest-sdk/issues",
                "source": "https://github.com/ippanel/php-rest-sdk/tree/v2.0.4"
            },
            "time": "2022-10-15T09:53:04+00:00"
        }
    ],
    "packages-dev": [],
    "aliases": [],
    "minimum-stability": "dev",
    "stability-flags": {
        "ippanel/php-rest-sdk": 20
    },
    "prefer-stable": false,
    "prefer-lowest": false,
    "platform": [],
    "platform-dev": [],
    "plugin-api-version": "2.3.0"
}
